
Microsoft Visual Studio Solution File, Format Version 11.00
# Visual Studio 2010
Project("{FAE04EC0-301F-11D3-BF4B-00C04F79EFBC}") = "MvcApplication1", "MvcApplication1\MvcApplication1.csproj", "{5ED527C2-6CC3-4C58-88C4-485CA197D833}"
EndProject
Global
	GlobalSection(SolutionConfigurationPlatforms) = preSolution
		Debug|Any CPU = Debug|Any CPU
		Release|Any CPU = Release|Any CPU
	EndGlobalSection
	GlobalSection(ProjectConfigurationPlatforms) = postSolution
		{5ED527C2-6CC3-4C58-88C4-485CA197D833}.Debug|Any CPU.ActiveCfg = Debug|Any CPU
		{5ED527C2-6CC3-4C58-88C4-485CA197D833}.Debug|Any CPU.Build.0 = Debug|Any CPU
		{5ED527C2-6CC3-4C58-88C4-485CA197D833}.Release|Any CPU.ActiveCfg = Release|Any CPU
		{5ED527C2-6CC3-4C58-88C4-485CA197D833}.Release|Any CPU.Build.0 = Release|Any CPU
	EndGlobalSection
	GlobalSection(SolutionProperties) = preSolution
		HideSolutionNode = FALSE
	EndGlobalSection
EndGlobal
